PODS:
  - IronSourceSDK (8.7.0.0)
  - tempo-ios-levelplay-mediation (1.1.0):
    - IronSourceSDK (~> 8.7)
    - TempoSDK (= 1.8.2)
  - TempoSDK (1.8.2)

DEPENDENCIES:
  - tempo-ios-levelplay-mediation (from `../`)

SPEC REPOS:
  trunk:
    - IronSourceSDK
    - TempoSDK

EXTERNAL SOURCES:
  tempo-ios-levelplay-mediation:
    :path: "../"

SPEC CHECKSUMS:
  IronSourceSDK: 0b5a640179ef91acc637332608183a05db1757df
  tempo-ios-levelplay-mediation: d4ea2c0b95b887c90e9422f12c8f7a410b239cce
  TempoSDK: 5ac10c535c042eda5e4c0445427e2a976fd30f6f

PODFILE CHECKSUM: 3b0a63eb0386839076429cfd44b4eb5bfbfd5072

COCOAPODS: 1.13.0
